// !$*UTF8*$!
{
	archiveVersion = 1;
	classes = {
	};
	objectVersion = 77;
	objects = {

/* Begin PBXBuildFile section */
		0B02E3984EE2D29CC246DB5D /* Pods_FrameworkB.framework in Frameworks */ = {isa = PBXBuildFile; fileRef = 52F5B1F3DE70F9F7F2F5DB8D /* Pods_FrameworkB.framework */; };
		19926527443CA5A89C5845C8 /* Pods_FrameworkB_FrameworkBTests.framework in Frameworks */ = {isa = PBXBuildFile; fileRef = 293CF18F2DD0F72B4BFB576E /* Pods_FrameworkB_FrameworkBTests.framework */; };
		B9C85E932DB9F3BD00B35509 /* FrameworkB.framework in Frameworks */ = {isa = PBXBuildFile; fileRef = B9C85E8A2DB9F3BD00B35509 /* FrameworkB.framework */; };
/* End PBXBuildFile section */

/* Begin PBXContainerItemProxy section */
		B9C85E942DB9F3BD00B35509 /* PBXContainerItemProxy */ = {
			isa = PBXContainerItemProxy;
			containerPortal = B9C85E812DB9F3BD00B35509 /* Project object */;
			proxyType = 1;
			remoteGlobalIDString = B9C85E892DB9F3BD00B35509;
			remoteInfo = FrameworkB;
		};
/* End PBXContainerItemProxy section */

/* Begin PBXFileReference section */
		293CF18F2DD0F72B4BFB576E /* Pods_FrameworkB_FrameworkBTests.framework */ = {isa = PBXFileReference; explicitFileType = wrapper.framework; includeInIndex = 0; path = Pods_FrameworkB_FrameworkBTests.framework; sourceTree = BUILT_PRODUCTS_DIR; };
		39A3BCDD844EE3229379B1CB /* Pods-FrameworkB-FrameworkBTests.release.xcconfig */ = {isa = PBXFileReference; includeInIndex = 1; lastKnownFileType = text.xcconfig; name = "Pods-FrameworkB-FrameworkBTests.release.xcconfig"; path = "Target Support Files/Pods-FrameworkB-FrameworkBTests/Pods-FrameworkB-FrameworkBTests.release.xcconfig"; sourceTree = "<group>"; };
		5078A91F3E66E2E433E00396 /* Pods-FrameworkB-FrameworkBTests.debug.xcconfig */ = {isa = PBXFileReference; includeInIndex = 1; lastKnownFileType = text.xcconfig; name = "Pods-FrameworkB-FrameworkBTests.debug.xcconfig"; path = "Target Support Files/Pods-FrameworkB-FrameworkBTests/Pods-FrameworkB-FrameworkBTests.debug.xcconfig"; sourceTree = "<group>"; };
		52F5B1F3DE70F9F7F2F5DB8D /* Pods_FrameworkB.framework */ = {isa = PBXFileReference; explicitFileType = wrapper.framework; includeInIndex = 0; path = Pods_FrameworkB.framework; sourceTree = BUILT_PRODUCTS_DIR; };
		B9C85E8A2DB9F3BD00B35509 /* FrameworkB.framework */ = {isa = PBXFileReference; explicitFileType = wrapper.framework; includeInIndex = 0; path = FrameworkB.framework; sourceTree = BUILT_PRODUCTS_DIR; };
		B9C85E922DB9F3BD00B35509 /* FrameworkBTests.xctest */ = {isa = PBXFileReference; explicitFileType = wrapper.cfbundle; includeInIndex = 0; path = FrameworkBTests.xctest; sourceTree = BUILT_PRODUCTS_DIR; };
		C99F47424F5C30BE9D51F6F5 /* Pods-FrameworkB.debug.xcconfig */ = {isa = PBXFileReference; includeInIndex = 1; lastKnownFileType = text.xcconfig; name = "Pods-FrameworkB.debug.xcconfig"; path = "Target Support Files/Pods-FrameworkB/Pods-FrameworkB.debug.xcconfig"; sourceTree = "<group>"; };
		F3930079C46E32A04D27E4C6 /* Pods-FrameworkB.release.xcconfig */ = {isa = PBXFileReference; includeInIndex = 1; lastKnownFileType = text.xcconfig; name = "Pods-FrameworkB.release.xcconfig"; path = "Target Support Files/Pods-FrameworkB/Pods-FrameworkB.release.xcconfig"; sourceTree = "<group>"; };
/* End PBXFileReference section */

/* Begin PBXFileSystemSynchronizedBuildFileExceptionSet section */
		B9C85E9A2DB9F3BD00B35509 /* Exceptions for "FrameworkB" folder in "FrameworkB" target */ = {
			isa = PBXFileSystemSynchronizedBuildFileExceptionSet;
			publicHeaders = (
				CalculationObjc.h,
				FrameworkB.h,
			);
			target = B9C85E892DB9F3BD00B35509 /* FrameworkB */;
		};
/* End PBXFileSystemSynchronizedBuildFileExceptionSet section */

/* Begin PBXFileSystemSynchronizedRootGroup section */
		B9C85E8C2DB9F3BD00B35509 /* FrameworkB */ = {
			isa = PBXFileSystemSynchronizedRootGroup;
			exceptions = (
				B9C85E9A2DB9F3BD00B35509 /* Exceptions for "FrameworkB" folder in "FrameworkB" target */,
			);
			path = FrameworkB;
			sourceTree = "<group>";
		};
		B9C85E962DB9F3BD00B35509 /* FrameworkBTests */ = {
			isa = PBXFileSystemSynchronizedRootGroup;
			exceptions = (
			);
			path = FrameworkBTests;
			sourceTree = "<group>";
		};
/* End PBXFileSystemSynchronizedRootGroup section */

/* Begin PBXFrameworksBuildPhase section */
		B9C85E872DB9F3BD00B35509 /* Frameworks */ = {
			isa = PBXFrameworksBuildPhase;
			buildActionMask = 2147483647;
			files = (
				0B02E3984EE2D29CC246DB5D /* Pods_FrameworkB.framework in Frameworks */,
			);
			runOnlyForDeploymentPostprocessing = 0;
		};
		B9C85E8F2DB9F3BD00B35509 /* Frameworks */ = {
			isa = PBXFrameworksBuildPhase;
			buildActionMask = 2147483647;
			files = (
				B9C85E932DB9F3BD00B35509 /* FrameworkB.framework in Frameworks */,
				19926527443CA5A89C5845C8 /* Pods_FrameworkB_FrameworkBTests.framework in Frameworks */,
			);
			runOnlyForDeploymentPostprocessing = 0;
		};
/* End PBXFrameworksBuildPhase section */

/* Begin PBXGroup section */
		327BB4727E1C5FED6A97A0BA /* Pods */ = {
			isa = PBXGroup;
			children = (
				C99F47424F5C30BE9D51F6F5 /* Pods-FrameworkB.debug.xcconfig */,
				F3930079C46E32A04D27E4C6 /* Pods-FrameworkB.release.xcconfig */,
				5078A91F3E66E2E433E00396 /* Pods-FrameworkB-FrameworkBTests.debug.xcconfig */,
				39A3BCDD844EE3229379B1CB /* Pods-FrameworkB-FrameworkBTests.release.xcconfig */,
			);
			name = Pods;
			path = Pods;
			sourceTree = "<group>";
		};
		B9C85E802DB9F3BD00B35509 = {
			isa = PBXGroup;
			children = (
				B9C85E8C2DB9F3BD00B35509 /* FrameworkB */,
				B9C85E962DB9F3BD00B35509 /* FrameworkBTests */,
				B9C85E8B2DB9F3BD00B35509 /* Products */,
				327BB4727E1C5FED6A97A0BA /* Pods */,
				EB27085DBBB856C6A52BF366 /* Frameworks */,
			);
			sourceTree = "<group>";
		};
		B9C85E8B2DB9F3BD00B35509 /* Products */ = {
			isa = PBXGroup;
			children = (
				B9C85E8A2DB9F3BD00B35509 /* FrameworkB.framework */,
				B9C85E922DB9F3BD00B35509 /* FrameworkBTests.xctest */,
			);
			name = Products;
			sourceTree = "<group>";
		};
		EB27085DBBB856C6A52BF366 /* Frameworks */ = {
			isa = PBXGroup;
			children = (
				52F5B1F3DE70F9F7F2F5DB8D /* Pods_FrameworkB.framework */,
				293CF18F2DD0F72B4BFB576E /* Pods_FrameworkB_FrameworkBTests.framework */,
			);
			name = Frameworks;
			sourceTree = "<group>";
		};
/* End PBXGroup section */

/* Begin PBXHeadersBuildPhase section */
		B9C85E852DB9F3BD00B35509 /* Headers */ = {
			isa = PBXHeadersBuildPhase;
			buildActionMask = 2147483647;
			files = (
			);
			runOnlyForDeploymentPostprocessing = 0;
		};
/* End PBXHeadersBuildPhase section */

/* Begin PBXNativeTarget section */
		B9C85E892DB9F3BD00B35509 /* FrameworkB */ = {
			isa = PBXNativeTarget;
			buildConfigurationList = B9C85E9B2DB9F3BD00B35509 /* Build configuration list for PBXNativeTarget "FrameworkB" */;
			buildPhases = (
				57C9A8AD404FFEBE658CFD21 /* [CP] Check Pods Manifest.lock */,
				B9C85E852DB9F3BD00B35509 /* Headers */,
				B9C85E862DB9F3BD00B35509 /* Sources */,
				B9C85E872DB9F3BD00B35509 /* Frameworks */,
				B9C85E882DB9F3BD00B35509 /* Resources */,
			);
			buildRules = (
			);
			dependencies = (
			);
			fileSystemSynchronizedGroups = (
				B9C85E8C2DB9F3BD00B35509 /* FrameworkB */,
			);
			name = FrameworkB;
			productName = FrameworkB;
			productReference = B9C85E8A2DB9F3BD00B35509 /* FrameworkB.framework */;
			productType = "com.apple.product-type.framework";
		};
		B9C85E912DB9F3BD00B35509 /* FrameworkBTests */ = {
			isa = PBXNativeTarget;
			buildConfigurationList = B9C85EA02DB9F3BD00B35509 /* Build configuration list for PBXNativeTarget "FrameworkBTests" */;
			buildPhases = (
				CCB029ADE564367EB132EC1E /* [CP] Check Pods Manifest.lock */,
				B9C85E8E2DB9F3BD00B35509 /* Sources */,
				B9C85E8F2DB9F3BD00B35509 /* Frameworks */,
				B9C85E902DB9F3BD00B35509 /* Resources */,
				6AAC9F28D63944D28502CFE9 /* [CP] Embed Pods Frameworks */,
			);
			buildRules = (
			);
			dependencies = (
				B9C85E952DB9F3BD00B35509 /* PBXTargetDependency */,
			);
			fileSystemSynchronizedGroups = (
				B9C85E962DB9F3BD00B35509 /* FrameworkBTests */,
			);
			name = FrameworkBTests;
			productName = FrameworkBTests;
			productReference = B9C85E922DB9F3BD00B35509 /* FrameworkBTests.xctest */;
			productType = "com.apple.product-type.bundle.unit-test";
		};
/* End PBXNativeTarget section */

/* Begin PBXProject section */
		B9C85E812DB9F3BD00B35509 /* Project object */ = {
			isa = PBXProject;
			attributes = {
				BuildIndependentTargetsInParallel = 1;
				LastSwiftUpdateCheck = 1620;
				LastUpgradeCheck = 1620;
				TargetAttributes = {
					B9C85E892DB9F3BD00B35509 = {
						CreatedOnToolsVersion = 16.2;
						LastSwiftMigration = 1620;
					};
					B9C85E912DB9F3BD00B35509 = {
						CreatedOnToolsVersion = 16.2;
					};
				};
			};
			buildConfigurationList = B9C85E842DB9F3BD00B35509 /* Build configuration list for PBXProject "FrameworkB" */;
			developmentRegion = en;
			hasScannedForEncodings = 0;
			knownRegions = (
				en,
				Base,
			);
			mainGroup = B9C85E802DB9F3BD00B35509;
			minimizedProjectReferenceProxies = 1;
			preferredProjectObjectVersion = 77;
			productRefGroup = B9C85E8B2DB9F3BD00B35509 /* Products */;
			projectDirPath = "";
			projectRoot = "";
			targets = (
				B9C85E892DB9F3BD00B35509 /* FrameworkB */,
				B9C85E912DB9F3BD00B35509 /* FrameworkBTests */,
			);
		};
/* End PBXProject section */

/* Begin PBXResourcesBuildPhase section */
		B9C85E882DB9F3BD00B35509 /* Resources */ = {
			isa = PBXResourcesBuildPhase;
			buildActionMask = 2147483647;
			files = (
			);
			runOnlyForDeploymentPostprocessing = 0;
		};
		B9C85E902DB9F3BD00B35509 /* Resources */ = {
			isa = PBXResourcesBuildPhase;
			buildActionMask = 2147483647;
			files = (
			);
			runOnlyForDeploymentPostprocessing = 0;
		};
/* End PBXResourcesBuildPhase section */

/* Begin PBXShellScriptBuildPhase section */
		57C9A8AD404FFEBE658CFD21 /* [CP] Check Pods Manifest.lock */ = {
			isa = PBXShellScriptBuildPhase;
			buildActionMask = 2147483647;
			files = (
			);
			inputFileListPaths = (
			);
			inputPaths = (
				"${PODS_PODFILE_DIR_PATH}/Podfile.lock",
				"${PODS_ROOT}/Manifest.lock",
			);
			name = "[CP] Check Pods Manifest.lock";
			outputFileListPaths = (
			);
			outputPaths = (
				"$(DERIVED_FILE_DIR)/Pods-FrameworkB-checkManifestLockResult.txt",
			);
			runOnlyForDeploymentPostprocessing = 0;
			shellPath = /bin/sh;
			shellScript = "diff \"${PODS_PODFILE_DIR_PATH}/Podfile.lock\" \"${PODS_ROOT}/Manifest.lock\" > /dev/null\nif [ $? != 0 ] ; then\n    # print error to STDERR\n    echo \"error: The sandbox is not in sync with the Podfile.lock. Run 'pod install' or update your CocoaPods installation.\" >&2\n    exit 1\nfi\n# This output is used by Xcode 'outputs' to avoid re-running this script phase.\necho \"SUCCESS\" > \"${SCRIPT_OUTPUT_FILE_0}\"\n";
			showEnvVarsInLog = 0;
		};
		6AAC9F28D63944D28502CFE9 /* [CP] Embed Pods Frameworks */ = {
			isa = PBXShellScriptBuildPhase;
			buildActionMask = 2147483647;
			files = (
			);
			inputFileListPaths = (
				"${PODS_ROOT}/Target Support Files/Pods-FrameworkB-FrameworkBTests/Pods-FrameworkB-FrameworkBTests-frameworks-${CONFIGURATION}-input-files.xcfilelist",
			);
			name = "[CP] Embed Pods Frameworks";
			outputFileListPaths = (
				"${PODS_ROOT}/Target Support Files/Pods-FrameworkB-FrameworkBTests/Pods-FrameworkB-FrameworkBTests-frameworks-${CONFIGURATION}-output-files.xcfilelist",
			);
			runOnlyForDeploymentPostprocessing = 0;
			shellPath = /bin/sh;
			shellScript = "\"${PODS_ROOT}/Target Support Files/Pods-FrameworkB-FrameworkBTests/Pods-FrameworkB-FrameworkBTests-frameworks.sh\"\n";
			showEnvVarsInLog = 0;
		};
		CCB029ADE564367EB132EC1E /* [CP] Check Pods Manifest.lock */ = {
			isa = PBXShellScriptBuildPhase;
			buildActionMask = 2147483647;
			files = (
			);
			inputFileListPaths = (
			);
			inputPaths = (
				"${PODS_PODFILE_DIR_PATH}/Podfile.lock",
				"${PODS_ROOT}/Manifest.lock",
			);
			name = "[CP] Check Pods Manifest.lock";
			outputFileListPaths = (
			);
			outputPaths = (
				"$(DERIVED_FILE_DIR)/Pods-FrameworkB-FrameworkBTests-checkManifestLockResult.txt",
			);
			runOnlyForDeploymentPostprocessing = 0;
			shellPath = /bin/sh;
			shellScript = "diff \"${PODS_PODFILE_DIR_PATH}/Podfile.lock\" \"${PODS_ROOT}/Manifest.lock\" > /dev/null\nif [ $? != 0 ] ; then\n    # print error to STDERR\n    echo \"error: The sandbox is not in sync with the Podfile.lock. Run 'pod install' or update your CocoaPods installation.\" >&2\n    exit 1\nfi\n# This output is used by Xcode 'outputs' to avoid re-running this script phase.\necho \"SUCCESS\" > \"${SCRIPT_OUTPUT_FILE_0}\"\n";
			showEnvVarsInLog = 0;
		};
/* End PBXShellScriptBuildPhase section */

/* Begin PBXSourcesBuildPhase section */
		B9C85E862DB9F3BD00B35509 /* Sources */ = {
			isa = PBXSourcesBuildPhase;
			buildActionMask = 2147483647;
			files = (
			);
			runOnlyForDeploymentPostprocessing = 0;
		};
		B9C85E8E2DB9F3BD00B35509 /* Sources */ = {
			isa = PBXSourcesBuildPhase;
			buildActionMask = 2147483647;
			files = (
			);
			runOnlyForDeploymentPostprocessing = 0;
		};
/* End PBXSourcesBuildPhase section */

/* Begin PBXTargetDependency section */
		B9C85E952DB9F3BD00B35509 /* PBXTargetDependency */ = {
			isa = PBXTargetDependency;
			target = B9C85E892DB9F3BD00B35509 /* FrameworkB */;
			targetProxy = B9C85E942DB9F3BD00B35509 /* PBXContainerItemProxy */;
		};
/* End PBXTargetDependency section */

/* Begin XCBuildConfiguration section */
		B9C85E9C2DB9F3BD00B35509 /* Debug */ = {
			isa = XCBuildConfiguration;
			baseConfigurationReference = C99F47424F5C30BE9D51F6F5 /* Pods-FrameworkB.debug.xcconfig */;
			buildSettings = {
				BUILD_LIBRARY_FOR_DISTRIBUTION = YES;
				CLANG_ENABLE_MODULES = YES;
				CODE_SIGN_STYLE = Automatic;
				CURRENT_PROJECT_VERSION = 1;
				DEFINES_MODULE = YES;
				DEVELOPMENT_TEAM = Z5CTNMQMC3;
				DYLIB_COMPATIBILITY_VERSION = 1;
				DYLIB_CURRENT_VERSION = 1;
				DYLIB_INSTALL_NAME_BASE = "@rpath";
				ENABLE_MODULE_VERIFIER = YES;
				GENERATE_INFOPLIST_FILE = YES;
				INFOPLIST_KEY_NSHumanReadableCopyright = "";
				INSTALL_PATH = "$(LOCAL_LIBRARY_DIR)/Frameworks";
				LD_RUNPATH_SEARCH_PATHS = (
					"$(inherited)",
					"@executable_path/Frameworks",
					"@loader_path/Frameworks",
				);
				MARKETING_VERSION = 1.0;
				MODULE_VERIFIER_SUPPORTED_LANGUAGES = "objective-c objective-c++";
				MODULE_VERIFIER_SUPPORTED_LANGUAGE_STANDARDS = "gnu17 gnu++20";
				PRODUCT_BUNDLE_IDENTIFIER = id.yozi.FrameworkB;
				PRODUCT_NAME = "$(TARGET_NAME:c99extidentifier)";
				SKIP_INSTALL = YES;
				SWIFT_EMIT_LOC_STRINGS = YES;
				SWIFT_INSTALL_OBJC_HEADER = NO;
				SWIFT_OPTIMIZATION_LEVEL = "-Onone";
				SWIFT_VERSION = 5.0;
				TARGETED_DEVICE_FAMILY = "1,2";
			};
			name = Debug;
		};
		B9C85E9D2DB9F3BD00B35509 /* Release */ = {
			isa = XCBuildConfiguration;
			baseConfigurationReference = F3930079C46E32A04D27E4C6 /* Pods-FrameworkB.release.xcconfig */;
			buildSettings = {
				BUILD_LIBRARY_FOR_DISTRIBUTION = YES;
				CLANG_ENABLE_MODULES = YES;
				CODE_SIGN_STYLE = Automatic;
				CURRENT_PROJECT_VERSION = 1;
				DEFINES_MODULE = YES;
				DEVELOPMENT_TEAM = Z5CTNMQMC3;
				DYLIB_COMPATIBILITY_VERSION = 1;
				DYLIB_CURRENT_VERSION = 1;
				DYLIB_INSTALL_NAME_BASE = "@rpath";
				ENABLE_MODULE_VERIFIER = YES;
				GENERATE_INFOPLIST_FILE = YES;
				INFOPLIST_KEY_NSHumanReadableCopyright = "";
				INSTALL_PATH = "$(LOCAL_LIBRARY_DIR)/Frameworks";
				LD_RUNPATH_SEARCH_PATHS = (
					"$(inherited)",
					"@executable_path/Frameworks",
					"@loader_path/Frameworks",
				);
				MARKETING_VERSION = 1.0;
				MODULE_VERIFIER_SUPPORTED_LANGUAGES = "objective-c objective-c++";
				MODULE_VERIFIER_SUPPORTED_LANGUAGE_STANDARDS = "gnu17 gnu++20";
				PRODUCT_BUNDLE_IDENTIFIER = id.yozi.FrameworkB;
				PRODUCT_NAME = "$(TARGET_NAME:c99extidentifier)";
				SKIP_INSTALL = YES;
				SWIFT_EMIT_LOC_STRINGS = YES;
				SWIFT_INSTALL_OBJC_HEADER = NO;
				SWIFT_VERSION = 5.0;
				TARGETED_DEVICE_FAMILY = "1,2";
			};
			name = Release;
		};
		B9C85E9E2DB9F3BD00B35509 /* Debug */ = {
			isa = XCBuildConfiguration;
			buildSettings = {
				ALWAYS_SEARCH_USER_PATHS = NO;
				ASSETCATALOG_COMPILER_GENERATE_SWIFT_ASSET_SYMBOL_EXTENSIONS = YES;
				CLANG_ANALYZER_NONNULL = YES;
				CLANG_ANALYZER_NUMBER_OBJECT_CONVERSION = YES_AGGRESSIVE;
				CLANG_CXX_LANGUAGE_STANDARD = "gnu++20";
				CLANG_ENABLE_MODULES = YES;
				CLANG_ENABLE_OBJC_ARC = YES;
				CLANG_ENABLE_OBJC_WEAK = YES;
				CLANG_WARN_BLOCK_CAPTURE_AUTORELEASING = YES;
				CLANG_WARN_BOOL_CONVERSION = YES;
				CLANG_WARN_COMMA = YES;
				CLANG_WARN_CONSTANT_CONVERSION = YES;
				CLANG_WARN_DEPRECATED_OBJC_IMPLEMENTATIONS = YES;
				CLANG_WARN_DIRECT_OBJC_ISA_USAGE = YES_ERROR;
				CLANG_WARN_DOCUMENTATION_COMMENTS = YES;
				CLANG_WARN_EMPTY_BODY = YES;
				CLANG_WARN_ENUM_CONVERSION = YES;
				CLANG_WARN_INFINITE_RECURSION = YES;
				CLANG_WARN_INT_CONVERSION = YES;
				CLANG_WARN_NON_LITERAL_NULL_CONVERSION = YES;
				CLANG_WARN_OBJC_IMPLICIT_RETAIN_SELF = YES;
				CLANG_WARN_OBJC_LITERAL_CONVERSION = YES;
				CLANG_WARN_OBJC_ROOT_CLASS = YES_ERROR;
				CLANG_WARN_QUOTED_INCLUDE_IN_FRAMEWORK_HEADER = YES;
				CLANG_WARN_RANGE_LOOP_ANALYSIS = YES;
				CLANG_WARN_STRICT_PROTOTYPES = YES;
				CLANG_WARN_SUSPICIOUS_MOVE = YES;
				CLANG_WARN_UNGUARDED_AVAILABILITY = YES_AGGRESSIVE;
				CLANG_WARN_UNREACHABLE_CODE = YES;
				CLANG_WARN__DUPLICATE_METHOD_MATCH = YES;
				COPY_PHASE_STRIP = NO;
				CURRENT_PROJECT_VERSION = 1;
				DEBUG_INFORMATION_FORMAT = dwarf;
				ENABLE_STRICT_OBJC_MSGSEND = YES;
				ENABLE_TESTABILITY = YES;
				ENABLE_USER_SCRIPT_SANDBOXING = YES;
				GCC_C_LANGUAGE_STANDARD = gnu17;
				GCC_DYNAMIC_NO_PIC = NO;
				GCC_NO_COMMON_BLOCKS = YES;
				GCC_OPTIMIZATION_LEVEL = 0;
				GCC_PREPROCESSOR_DEFINITIONS = (
					"DEBUG=1",
					"$(inherited)",
				);
				GCC_WARN_64_TO_32_BIT_CONVERSION = YES;
				GCC_WARN_ABOUT_RETURN_TYPE = YES_ERROR;
				GCC_WARN_UNDECLARED_SELECTOR = YES;
				GCC_WARN_UNINITIALIZED_AUTOS = YES_AGGRESSIVE;
				GCC_WARN_UNUSED_FUNCTION = YES;
				GCC_WARN_UNUSED_VARIABLE = YES;
				IPHONEOS_DEPLOYMENT_TARGET = 18.2;
				LOCALIZATION_PREFERS_STRING_CATALOGS = YES;
				MTL_ENABLE_DEBUG_INFO = INCLUDE_SOURCE;
				MTL_FAST_MATH = YES;
				ONLY_ACTIVE_ARCH = YES;
				SDKROOT = iphoneos;
				SWIFT_ACTIVE_COMPILATION_CONDITIONS = "DEBUG $(inherited)";
				SWIFT_OPTIMIZATION_LEVEL = "-Onone";
				VERSIONING_SYSTEM = "apple-generic";
				VERSION_INFO_PREFIX = "";
			};
			name = Debug;
		};
		B9C85E9F2DB9F3BD00B35509 /* Release */ = {
			isa = XCBuildConfiguration;
			buildSettings = {
				ALWAYS_SEARCH_USER_PATHS = NO;
				ASSETCATALOG_COMPILER_GENERATE_SWIFT_ASSET_SYMBOL_EXTENSIONS = YES;
				CLANG_ANALYZER_NONNULL = YES;
				CLANG_ANALYZER_NUMBER_OBJECT_CONVERSION = YES_AGGRESSIVE;
				CLANG_CXX_LANGUAGE_STANDARD = "gnu++20";
				CLANG_ENABLE_MODULES = YES;
				CLANG_ENABLE_OBJC_ARC = YES;
				CLANG_ENABLE_OBJC_WEAK = YES;
				CLANG_WARN_BLOCK_CAPTURE_AUTORELEASING = YES;
				CLANG_WARN_BOOL_CONVERSION = YES;
				CLANG_WARN_COMMA = YES;
				CLANG_WARN_CONSTANT_CONVERSION = YES;
				CLANG_WARN_DEPRECATED_OBJC_IMPLEMENTATIONS = YES;
				CLANG_WARN_DIRECT_OBJC_ISA_USAGE = YES_ERROR;
				CLANG_WARN_DOCUMENTATION_COMMENTS = YES;
				CLANG_WARN_EMPTY_BODY = YES;
				CLANG_WARN_ENUM_CONVERSION = YES;
				CLANG_WARN_INFINITE_RECURSION = YES;
				CLANG_WARN_INT_CONVERSION = YES;
				CLANG_WARN_NON_LITERAL_NULL_CONVERSION = YES;
				CLANG_WARN_OBJC_IMPLICIT_RETAIN_SELF = YES;
				CLANG_WARN_OBJC_LITERAL_CONVERSION = YES;
				CLANG_WARN_OBJC_ROOT_CLASS = YES_ERROR;
				CLANG_WARN_QUOTED_INCLUDE_IN_FRAMEWORK_HEADER = YES;
				CLANG_WARN_RANGE_LOOP_ANALYSIS = YES;
				CLANG_WARN_STRICT_PROTOTYPES = YES;
				CLANG_WARN_SUSPICIOUS_MOVE = YES;
				CLANG_WARN_UNGUARDED_AVAILABILITY = YES_AGGRESSIVE;
				CLANG_WARN_UNREACHABLE_CODE = YES;
				CLANG_WARN__DUPLICATE_METHOD_MATCH = YES;
				COPY_PHASE_STRIP = NO;
				CURRENT_PROJECT_VERSION = 1;
				DEBUG_INFORMATION_FORMAT = "dwarf-with-dsym";
				ENABLE_NS_ASSERTIONS = NO;
				ENABLE_STRICT_OBJC_MSGSEND = YES;
				ENABLE_USER_SCRIPT_SANDBOXING = YES;
				GCC_C_LANGUAGE_STANDARD = gnu17;
				GCC_NO_COMMON_BLOCKS = YES;
				GCC_WARN_64_TO_32_BIT_CONVERSION = YES;
				GCC_WARN_ABOUT_RETURN_TYPE = YES_ERROR;
				GCC_WARN_UNDECLARED_SELECTOR = YES;
				GCC_WARN_UNINITIALIZED_AUTOS = YES_AGGRESSIVE;
				GCC_WARN_UNUSED_FUNCTION = YES;
				GCC_WARN_UNUSED_VARIABLE = YES;
				IPHONEOS_DEPLOYMENT_TARGET = 18.2;
				LOCALIZATION_PREFERS_STRING_CATALOGS = YES;
				MTL_ENABLE_DEBUG_INFO = NO;
				MTL_FAST_MATH = YES;
				SDKROOT = iphoneos;
				SWIFT_COMPILATION_MODE = wholemodule;
				VALIDATE_PRODUCT = YES;
				VERSIONING_SYSTEM = "apple-generic";
				VERSION_INFO_PREFIX = "";
			};
			name = Release;
		};
		B9C85EA12DB9F3BD00B35509 /* Debug */ = {
			isa = XCBuildConfiguration;
			baseConfigurationReference = 5078A91F3E66E2E433E00396 /* Pods-FrameworkB-FrameworkBTests.debug.xcconfig */;
			buildSettings = {
				CODE_SIGN_STYLE = Automatic;
				CURRENT_PROJECT_VERSION = 1;
				DEVELOPMENT_TEAM = Z5CTNMQMC3;
				GENERATE_INFOPLIST_FILE = YES;
				MARKETING_VERSION = 1.0;
				PRODUCT_BUNDLE_IDENTIFIER = id.yozi.FrameworkBTests;
				PRODUCT_NAME = "$(TARGET_NAME)";
				SWIFT_EMIT_LOC_STRINGS = NO;
				SWIFT_VERSION = 5.0;
				TARGETED_DEVICE_FAMILY = "1,2";
			};
			name = Debug;
		};
		B9C85EA22DB9F3BD00B35509 /* Release */ = {
			isa = XCBuildConfiguration;
			baseConfigurationReference = 39A3BCDD844EE3229379B1CB /* Pods-FrameworkB-FrameworkBTests.release.xcconfig */;
			buildSettings = {
				CODE_SIGN_STYLE = Automatic;
				CURRENT_PROJECT_VERSION = 1;
				DEVELOPMENT_TEAM = Z5CTNMQMC3;
				GENERATE_INFOPLIST_FILE = YES;
				MARKETING_VERSION = 1.0;
				PRODUCT_BUNDLE_IDENTIFIER = id.yozi.FrameworkBTests;
				PRODUCT_NAME = "$(TARGET_NAME)";
				SWIFT_EMIT_LOC_STRINGS = NO;
				SWIFT_VERSION = 5.0;
				TARGETED_DEVICE_FAMILY = "1,2";
			};
			name = Release;
		};
/* End XCBuildConfiguration section */

/* Begin XCConfigurationList section */
		B9C85E842DB9F3BD00B35509 /* Build configuration list for PBXProject "FrameworkB" */ = {
			isa = XCConfigurationList;
			buildConfigurations = (
				B9C85E9E2DB9F3BD00B35509 /* Debug */,
				B9C85E9F2DB9F3BD00B35509 /* Release */,
			);
			defaultConfigurationIsVisible = 0;
			defaultConfigurationName = Release;
		};
		B9C85E9B2DB9F3BD00B35509 /* Build configuration list for PBXNativeTarget "FrameworkB" */ = {
			isa = XCConfigurationList;
			buildConfigurations = (
				B9C85E9C2DB9F3BD00B35509 /* Debug */,
				B9C85E9D2DB9F3BD00B35509 /* Release */,
			);
			defaultConfigurationIsVisible = 0;
			defaultConfigurationName = Release;
		};
		B9C85EA02DB9F3BD00B35509 /* Build configuration list for PBXNativeTarget "FrameworkBTests" */ = {
			isa = XCConfigurationList;
			buildConfigurations = (
				B9C85EA12DB9F3BD00B35509 /* Debug */,
				B9C85EA22DB9F3BD00B35509 /* Release */,
			);
			defaultConfigurationIsVisible = 0;
			defaultConfigurationName = Release;
		};
/* End XCConfigurationList section */
	};
	rootObject = B9C85E812DB9F3BD00B35509 /* Project object */;
}
